
Microsoft Visual Studio Solution File, Format Version 12.00
# Visual Studio Version 16
VisualStudioVersion = 16.0.30517.126
MinimumVisualStudioVersion = 10.0.40219.1
Project("{FAE04EC0-301F-11D3-BF4B-00C04F79EFBC}") = "PROYECTOBD", "PROYECTOBD.csproj", "{EB8700A7-0702-4513-A0DA-53E55B999744}"
EndProject
Global
	GlobalSection(SolutionConfigurationPlatforms) = preSolution
		Debug|Any CPU = Debug|Any CPU
		Release|Any CPU = Release|Any CPU
	EndGlobalSection
	GlobalSection(ProjectConfigurationPlatforms) = postSolution
		{EB8700A7-0702-4513-A0DA-53E55B999744}.Debug|Any CPU.ActiveCfg = Debug|Any CPU
		{EB8700A7-0702-4513-A0DA-53E55B999744}.Debug|Any CPU.Build.0 = Debug|Any CPU
		{EB8700A7-0702-4513-A0DA-53E55B999744}.Release|Any CPU.ActiveCfg = Release|Any CPU
		{EB8700A7-0702-4513-A0DA-53E55B999744}.Release|Any CPU.Build.0 = Release|Any CPU
	EndGlobalSection
	GlobalSection(SolutionProperties) = preSolution
		HideSolutionNode = FALSE
	EndGlobalSection
	GlobalSection(ExtensibilityGlobals) = postSolution
		SolutionGuid = {3349B7D8-0231-4654-B6DC-97CB60F86E0A}
	EndGlobalSection
EndGlobal
